// !$*UTF8*$!
{
	archiveVersion = 1;
	classes = {
	};
	objectVersion = 56;
	objects = {

/* Begin PBXBuildFile section */
		1D0FC549294B4EEA003EE5DE /* AppDelegate.swift in Sources */ = {isa = PBXBuildFile; fileRef = 1D0FC548294B4EEA003EE5DE /* AppDelegate.swift */; };
		1D0FC54B294B4EEA003EE5DE /* SceneDelegate.swift in Sources */ = {isa = PBXBuildFile; fileRef = 1D0FC54A294B4EEA003EE5DE /* SceneDelegate.swift */; };
		1D0FC54D294B4EEA003EE5DE /* ViewController.swift in Sources */ = {isa = PBXBuildFile; fileRef = 1D0FC54C294B4EEA003EE5DE /* ViewController.swift */; };
		1D0FC550294B4EEA003EE5DE /* Main.storyboard in Resources */ = {isa = PBXBuildFile; fileRef = 1D0FC54E294B4EEA003EE5DE /* Main.storyboard */; };
		1D0FC552294B4EEB003EE5DE /* Assets.xcassets in Resources */ = {isa = PBXBuildFile; fileRef = 1D0FC551294B4EEB003EE5DE /* Assets.xcassets */; };
		1D0FC555294B4EEB003EE5DE /* LaunchScreen.storyboard in Resources */ = {isa = PBXBuildFile; fileRef = 1D0FC553294B4EEB003EE5DE /* LaunchScreen.storyboard */; };
		1D0FC56A294B4EEC003EE5DE /* ViewArchitectureUITests.swift in Sources */ = {isa = PBXBuildFile; fileRef = 1D0FC569294B4EEC003EE5DE /* ViewArchitectureUITests.swift */; };
		1D0FC56C294B4EEC003EE5DE /* ViewArchitectureUITestsLaunchTests.swift in Sources */ = {isa = PBXBuildFile; fileRef = 1D0FC56B294B4EEC003EE5DE /* ViewArchitectureUITestsLaunchTests.swift */; };
		1D0FC57B294B4F7A003EE5DE /* BatataViewController.swift in Sources */ = {isa = PBXBuildFile; fileRef = 1D0FC57A294B4F7A003EE5DE /* BatataViewController.swift */; };
		1D0FC57D294B4FB4003EE5DE /* BatataInteractor.swift in Sources */ = {isa = PBXBuildFile; fileRef = 1D0FC57C294B4FB4003EE5DE /* BatataInteractor.swift */; };
		1D0FC57F294B4FC1003EE5DE /* BatataPresenter.swift in Sources */ = {isa = PBXBuildFile; fileRef = 1D0FC57E294B4FC1003EE5DE /* BatataPresenter.swift */; };
		1D0FC581294B4FE8003EE5DE /* CenouraViewController.swift in Sources */ = {isa = PBXBuildFile; fileRef = 1D0FC580294B4FE8003EE5DE /* CenouraViewController.swift */; };
		1D0FC583294B4FF9003EE5DE /* CenouraInteractor.swift in Sources */ = {isa = PBXBuildFile; fileRef = 1D0FC582294B4FF9003EE5DE /* CenouraInteractor.swift */; };
		1D0FC585294B5022003EE5DE /* CenouraPresenter.swift in Sources */ = {isa = PBXBuildFile; fileRef = 1D0FC584294B5022003EE5DE /* CenouraPresenter.swift */; };
		1D0FC589294B509F003EE5DE /* CenouraFactory.swift in Sources */ = {isa = PBXBuildFile; fileRef = 1D0FC588294B509F003EE5DE /* CenouraFactory.swift */; };
		1D0FC58B294B50D8003EE5DE /* BatataFactory.swift in Sources */ = {isa = PBXBuildFile; fileRef = 1D0FC58A294B50D8003EE5DE /* BatataFactory.swift */; };
		1D0FC58D294BA427003EE5DE /* BatataService.swift in Sources */ = {isa = PBXBuildFile; fileRef = 1D0FC58C294BA427003EE5DE /* BatataService.swift */; };
		1D0FC58F294BAD11003EE5DE /* CenouraService.swift in Sources */ = {isa = PBXBuildFile; fileRef = 1D0FC58E294BAD11003EE5DE /* CenouraService.swift */; };
		1D0FC593294BB2BE003EE5DE /* BatataPresenterTests.swift in Sources */ = {isa = PBXBuildFile; fileRef = 1D0FC592294BB2BE003EE5DE /* BatataPresenterTests.swift */; };
		1D0FC595294BB2E0003EE5DE /* CenouraPresenterTests.swift in Sources */ = {isa = PBXBuildFile; fileRef = 1D0FC594294BB2E0003EE5DE /* CenouraPresenterTests.swift */; };
		1D0FC597294BB2EF003EE5DE /* CenouraInteractorTests.swift in Sources */ = {isa = PBXBuildFile; fileRef = 1D0FC596294BB2EF003EE5DE /* CenouraInteractorTests.swift */; };
		1D0FC599294BB301003EE5DE /* BatataInteractorTests.swift in Sources */ = {isa = PBXBuildFile; fileRef = 1D0FC598294BB301003EE5DE /* BatataInteractorTests.swift */; };
		1D0FC59C294BB90C003EE5DE /* BatataPresenterSpy.swift in Sources */ = {isa = PBXBuildFile; fileRef = 1D0FC59B294BB90C003EE5DE /* BatataPresenterSpy.swift */; };
		1D0FC59E294BB924003EE5DE /* BatataServiceMock.swift in Sources */ = {isa = PBXBuildFile; fileRef = 1D0FC59D294BB924003EE5DE /* BatataServiceMock.swift */; };
		1D0FC5A1294BB990003EE5DE /* CenouraPresenterOutputSpy.swift in Sources */ = {isa = PBXBuildFile; fileRef = 1D0FC5A0294BB990003EE5DE /* CenouraPresenterOutputSpy.swift */; };
		1D0FC5A3294BB9B3003EE5DE /* CenouraServiceMock.swift in Sources */ = {isa = PBXBuildFile; fileRef = 1D0FC5A2294BB9B3003EE5DE /* CenouraServiceMock.swift */; };
		1D0FC5A7294BBA9D003EE5DE /* BatataViewControllerSpy.swift in Sources */ = {isa = PBXBuildFile; fileRef = 1D0FC5A6294BBA9D003EE5DE /* BatataViewControllerSpy.swift */; };
		1D0FC5A9294BBD8C003EE5DE /* CenouraInteractorSpy.swift in Sources */ = {isa = PBXBuildFile; fileRef = 1D0FC5A8294BBD8C003EE5DE /* CenouraInteractorSpy.swift */; };
		1D0FC5AB294BBDC5003EE5DE /* CenouraViewControllerOutputSpy.swift in Sources */ = {isa = PBXBuildFile; fileRef = 1D0FC5AA294BBDC5003EE5DE /* CenouraViewControllerOutputSpy.swift */; };
/* End PBXBuildFile section */

/* Begin PBXContainerItemProxy section */
		1D0FC55C294B4EEC003EE5DE /* PBXContainerItemProxy */ = {
			isa = PBXContainerItemProxy;
			containerPortal = 1D0FC53D294B4EEA003EE5DE /* Project object */;
			proxyType = 1;
			remoteGlobalIDString = 1D0FC544294B4EEA003EE5DE;
			remoteInfo = ViewArchitecture;
		};
		1D0FC566294B4EEC003EE5DE /* PBXContainerItemProxy */ = {
			isa = PBXContainerItemProxy;
			containerPortal = 1D0FC53D294B4EEA003EE5DE /* Project object */;
			proxyType = 1;
			remoteGlobalIDString = 1D0FC544294B4EEA003EE5DE;
			remoteInfo = ViewArchitecture;
		};
/* End PBXContainerItemProxy section */

/* Begin PBXFileReference section */
		1D0FC545294B4EEA003EE5DE /* ViewArchitecture.app */ = {isa = PBXFileReference; explicitFileType = wrapper.application; includeInIndex = 0; path = ViewArchitecture.app; sourceTree = BUILT_PRODUCTS_DIR; };
		1D0FC548294B4EEA003EE5DE /* AppDelegate.swift */ = {isa = PBXFileReference; lastKnownFileType = sourcecode.swift; path = AppDelegate.swift; sourceTree = "<group>"; };
		1D0FC54A294B4EEA003EE5DE /* SceneDelegate.swift */ = {isa = PBXFileReference; lastKnownFileType = sourcecode.swift; path = SceneDelegate.swift; sourceTree = "<group>"; };
		1D0FC54C294B4EEA003EE5DE /* ViewController.swift */ = {isa = PBXFileReference; lastKnownFileType = sourcecode.swift; path = ViewController.swift; sourceTree = "<group>"; };
		1D0FC54F294B4EEA003EE5DE /* Base */ = {isa = PBXFileReference; lastKnownFileType = file.storyboard; name = Base; path = Base.lproj/Main.storyboard; sourceTree = "<group>"; };
		1D0FC551294B4EEB003EE5DE /* Assets.xcassets */ = {isa = PBXFileReference; lastKnownFileType = folder.assetcatalog; path = Assets.xcassets; sourceTree = "<group>"; };
		1D0FC554294B4EEB003EE5DE /* Base */ = {isa = PBXFileReference; lastKnownFileType = file.storyboard; name = Base; path = Base.lproj/LaunchScreen.storyboard; sourceTree = "<group>"; };
		1D0FC556294B4EEB003EE5DE /* Info.plist */ = {isa = PBXFileReference; lastKnownFileType = text.plist.xml; path = Info.plist; sourceTree = "<group>"; };
		1D0FC55B294B4EEC003EE5DE /* ViewArchitectureTests.xctest */ = {isa = PBXFileReference; explicitFileType = wrapper.cfbundle; includeInIndex = 0; path = ViewArchitectureTests.xctest; sourceTree = BUILT_PRODUCTS_DIR; };
		1D0FC565294B4EEC003EE5DE /* ViewArchitectureUITests.xctest */ = {isa = PBXFileReference; explicitFileType = wrapper.cfbundle; includeInIndex = 0; path = ViewArchitectureUITests.xctest; sourceTree = BUILT_PRODUCTS_DIR; };
		1D0FC569294B4EEC003EE5DE /* ViewArchitectureUITests.swift */ = {isa = PBXFileReference; lastKnownFileType = sourcecode.swift; path = ViewArchitectureUITests.swift; sourceTree = "<group>"; };
		1D0FC56B294B4EEC003EE5DE /* ViewArchitectureUITestsLaunchTests.swift */ = {isa = PBXFileReference; lastKnownFileType = sourcecode.swift; path = ViewArchitectureUITestsLaunchTests.swift; sourceTree = "<group>"; };
		1D0FC57A294B4F7A003EE5DE /* BatataViewController.swift */ = {isa = PBXFileReference; lastKnownFileType = sourcecode.swift; path = BatataViewController.swift; sourceTree = "<group>"; };
		1D0FC57C294B4FB4003EE5DE /* BatataInteractor.swift */ = {isa = PBXFileReference; lastKnownFileType = sourcecode.swift; path = BatataInteractor.swift; sourceTree = "<group>"; };
		1D0FC57E294B4FC1003EE5DE /* BatataPresenter.swift */ = {isa = PBXFileReference; lastKnownFileType = sourcecode.swift; path = BatataPresenter.swift; sourceTree = "<group>"; };
		1D0FC580294B4FE8003EE5DE /* CenouraViewController.swift */ = {isa = PBXFileReference; lastKnownFileType = sourcecode.swift; path = CenouraViewController.swift; sourceTree = "<group>"; };
		1D0FC582294B4FF9003EE5DE /* CenouraInteractor.swift */ = {isa = PBXFileReference; lastKnownFileType = sourcecode.swift; path = CenouraInteractor.swift; sourceTree = "<group>"; };
		1D0FC584294B5022003EE5DE /* CenouraPresenter.swift */ = {isa = PBXFileReference; lastKnownFileType = sourcecode.swift; path = CenouraPresenter.swift; sourceTree = "<group>"; };
		1D0FC588294B509F003EE5DE /* CenouraFactory.swift */ = {isa = PBXFileReference; lastKnownFileType = sourcecode.swift; path = CenouraFactory.swift; sourceTree = "<group>"; };
		1D0FC58A294B50D8003EE5DE /* BatataFactory.swift */ = {isa = PBXFileReference; lastKnownFileType = sourcecode.swift; path = BatataFactory.swift; sourceTree = "<group>"; };
		1D0FC58C294BA427003EE5DE /* BatataService.swift */ = {isa = PBXFileReference; lastKnownFileType = sourcecode.swift; path = BatataService.swift; sourceTree = "<group>"; };
		1D0FC58E294BAD11003EE5DE /* CenouraService.swift */ = {isa = PBXFileReference; lastKnownFileType = sourcecode.swift; path = CenouraService.swift; sourceTree = "<group>"; };
		1D0FC592294BB2BE003EE5DE /* BatataPresenterTests.swift */ = {isa = PBXFileReference; lastKnownFileType = sourcecode.swift; path = BatataPresenterTests.swift; sourceTree = "<group>"; };
		1D0FC594294BB2E0003EE5DE /* CenouraPresenterTests.swift */ = {isa = PBXFileReference; lastKnownFileType = sourcecode.swift; path = CenouraPresenterTests.swift; sourceTree = "<group>"; };
		1D0FC596294BB2EF003EE5DE /* CenouraInteractorTests.swift */ = {isa = PBXFileReference; lastKnownFileType = sourcecode.swift; path = CenouraInteractorTests.swift; sourceTree = "<group>"; };
		1D0FC598294BB301003EE5DE /* BatataInteractorTests.swift */ = {isa = PBXFileReference; lastKnownFileType = sourcecode.swift; path = BatataInteractorTests.swift; sourceTree = "<group>"; };
		1D0FC59B294BB90C003EE5DE /* BatataPresenterSpy.swift */ = {isa = PBXFileReference; lastKnownFileType = sourcecode.swift; path = BatataPresenterSpy.swift; sourceTree = "<group>"; };
		1D0FC59D294BB924003EE5DE /* BatataServiceMock.swift */ = {isa = PBXFileReference; lastKnownFileType = sourcecode.swift; path = BatataServiceMock.swift; sourceTree = "<group>"; };
		1D0FC5A0294BB990003EE5DE /* CenouraPresenterOutputSpy.swift */ = {isa = PBXFileReference; lastKnownFileType = sourcecode.swift; path = CenouraPresenterOutputSpy.swift; sourceTree = "<group>"; };
		1D0FC5A2294BB9B3003EE5DE /* CenouraServiceMock.swift */ = {isa = PBXFileReference; lastKnownFileType = sourcecode.swift; path = CenouraServiceMock.swift; sourceTree = "<group>"; };
		1D0FC5A6294BBA9D003EE5DE /* BatataViewControllerSpy.swift */ = {isa = PBXFileReference; lastKnownFileType = sourcecode.swift; path = BatataViewControllerSpy.swift; sourceTree = "<group>"; };
		1D0FC5A8294BBD8C003EE5DE /* CenouraInteractorSpy.swift */ = {isa = PBXFileReference; lastKnownFileType = sourcecode.swift; path = CenouraInteractorSpy.swift; sourceTree = "<group>"; };
		1D0FC5AA294BBDC5003EE5DE /* CenouraViewControllerOutputSpy.swift */ = {isa = PBXFileReference; lastKnownFileType = sourcecode.swift; path = CenouraViewControllerOutputSpy.swift; sourceTree = "<group>"; };
/* End PBXFileReference section */

/* Begin PBXFrameworksBuildPhase section */
		1D0FC542294B4EEA003EE5DE /* Frameworks */ = {
			isa = PBXFrameworksBuildPhase;
			buildActionMask = 2147483647;
			files = (
			);
			runOnlyForDeploymentPostprocessing = 0;
		};
		1D0FC558294B4EEC003EE5DE /* Frameworks */ = {
			isa = PBXFrameworksBuildPhase;
			buildActionMask = 2147483647;
			files = (
			);
			runOnlyForDeploymentPostprocessing = 0;
		};
		1D0FC562294B4EEC003EE5DE /* Frameworks */ = {
			isa = PBXFrameworksBuildPhase;
			buildActionMask = 2147483647;
			files = (
			);
			runOnlyForDeploymentPostprocessing = 0;
		};
/* End PBXFrameworksBuildPhase section */

/* Begin PBXGroup section */
		1D0FC53C294B4EEA003EE5DE = {
			isa = PBXGroup;
			children = (
				1D0FC547294B4EEA003EE5DE /* ViewArchitecture */,
				1D0FC55E294B4EEC003EE5DE /* ViewArchitectureTests */,
				1D0FC568294B4EEC003EE5DE /* ViewArchitectureUITests */,
				1D0FC546294B4EEA003EE5DE /* Products */,
			);
			sourceTree = "<group>";
		};
		1D0FC546294B4EEA003EE5DE /* Products */ = {
			isa = PBXGroup;
			children = (
				1D0FC545294B4EEA003EE5DE /* ViewArchitecture.app */,
				1D0FC55B294B4EEC003EE5DE /* ViewArchitectureTests.xctest */,
				1D0FC565294B4EEC003EE5DE /* ViewArchitectureUITests.xctest */,
			);
			name = Products;
			sourceTree = "<group>";
		};
		1D0FC547294B4EEA003EE5DE /* ViewArchitecture */ = {
			isa = PBXGroup;
			children = (
				1D0FC579294B4EFD003EE5DE /* VIPER */,
				1D0FC578294B4EF3003EE5DE /* VIP */,
				1D0FC548294B4EEA003EE5DE /* AppDelegate.swift */,
				1D0FC54A294B4EEA003EE5DE /* SceneDelegate.swift */,
				1D0FC54C294B4EEA003EE5DE /* ViewController.swift */,
				1D0FC54E294B4EEA003EE5DE /* Main.storyboard */,
				1D0FC551294B4EEB003EE5DE /* Assets.xcassets */,
				1D0FC553294B4EEB003EE5DE /* LaunchScreen.storyboard */,
				1D0FC556294B4EEB003EE5DE /* Info.plist */,
			);
			path = ViewArchitecture;
			sourceTree = "<group>";
		};
		1D0FC55E294B4EEC003EE5DE /* ViewArchitectureTests */ = {
			isa = PBXGroup;
			children = (
				1D0FC591294BB29E003EE5DE /* VIP */,
				1D0FC590294BB297003EE5DE /* VIPER */,
			);
			path = ViewArchitectureTests;
			sourceTree = "<group>";
		};
		1D0FC568294B4EEC003EE5DE /* ViewArchitectureUITests */ = {
			isa = PBXGroup;
			children = (
				1D0FC569294B4EEC003EE5DE /* ViewArchitectureUITests.swift */,
				1D0FC56B294B4EEC003EE5DE /* ViewArchitectureUITestsLaunchTests.swift */,
			);
			path = ViewArchitectureUITests;
			sourceTree = "<group>";
		};
		1D0FC578294B4EF3003EE5DE /* VIP */ = {
			isa = PBXGroup;
			children = (
				1D0FC587294B508E003EE5DE /* Workers */,
				1D0FC57A294B4F7A003EE5DE /* BatataViewController.swift */,
				1D0FC57C294B4FB4003EE5DE /* BatataInteractor.swift */,
				1D0FC57E294B4FC1003EE5DE /* BatataPresenter.swift */,
			);
			path = VIP;
			sourceTree = "<group>";
		};
		1D0FC579294B4EFD003EE5DE /* VIPER */ = {
			isa = PBXGroup;
			children = (
				1D0FC586294B507F003EE5DE /* Workers */,
				1D0FC580294B4FE8003EE5DE /* CenouraViewController.swift */,
				1D0FC584294B5022003EE5DE /* CenouraPresenter.swift */,
				1D0FC582294B4FF9003EE5DE /* CenouraInteractor.swift */,
			);
			path = VIPER;
			sourceTree = "<group>";
		};
		1D0FC586294B507F003EE5DE /* Workers */ = {
			isa = PBXGroup;
			children = (
				1D0FC588294B509F003EE5DE /* CenouraFactory.swift */,
				1D0FC58E294BAD11003EE5DE /* CenouraService.swift */,
			);
			path = Workers;
			sourceTree = "<group>";
		};
		1D0FC587294B508E003EE5DE /* Workers */ = {
			isa = PBXGroup;
			children = (
				1D0FC58A294B50D8003EE5DE /* BatataFactory.swift */,
				1D0FC58C294BA427003EE5DE /* BatataService.swift */,
			);
			path = Workers;
			sourceTree = "<group>";
		};
		1D0FC590294BB297003EE5DE /* VIPER */ = {
			isa = PBXGroup;
			children = (
				1D0FC59F294BB980003EE5DE /* Mocks */,
				1D0FC594294BB2E0003EE5DE /* CenouraPresenterTests.swift */,
				1D0FC596294BB2EF003EE5DE /* CenouraInteractorTests.swift */,
			);
			path = VIPER;
			sourceTree = "<group>";
		};
		1D0FC591294BB29E003EE5DE /* VIP */ = {
			isa = PBXGroup;
			children = (
				1D0FC59A294BB8F7003EE5DE /* Mocks */,
				1D0FC592294BB2BE003EE5DE /* BatataPresenterTests.swift */,
				1D0FC598294BB301003EE5DE /* BatataInteractorTests.swift */,
			);
			path = VIP;
			sourceTree = "<group>";
		};
		1D0FC59A294BB8F7003EE5DE /* Mocks */ = {
			isa = PBXGroup;
			children = (
				1D0FC59B294BB90C003EE5DE /* BatataPresenterSpy.swift */,
				1D0FC59D294BB924003EE5DE /* BatataServiceMock.swift */,
				1D0FC5A6294BBA9D003EE5DE /* BatataViewControllerSpy.swift */,
			);
			path = Mocks;
			sourceTree = "<group>";
		};
		1D0FC59F294BB980003EE5DE /* Mocks */ = {
			isa = PBXGroup;
			children = (
				1D0FC5A0294BB990003EE5DE /* CenouraPresenterOutputSpy.swift */,
				1D0FC5A2294BB9B3003EE5DE /* CenouraServiceMock.swift */,
				1D0FC5A8294BBD8C003EE5DE /* CenouraInteractorSpy.swift */,
				1D0FC5AA294BBDC5003EE5DE /* CenouraViewControllerOutputSpy.swift */,
			);
			path = Mocks;
			sourceTree = "<group>";
		};
/* End PBXGroup section */

/* Begin PBXNativeTarget section */
		1D0FC544294B4EEA003EE5DE /* ViewArchitecture */ = {
			isa = PBXNativeTarget;
			buildConfigurationList = 1D0FC56F294B4EEC003EE5DE /* Build configuration list for PBXNativeTarget "ViewArchitecture" */;
			buildPhases = (
				1D0FC541294B4EEA003EE5DE /* Sources */,
				1D0FC542294B4EEA003EE5DE /* Frameworks */,
				1D0FC543294B4EEA003EE5DE /* Resources */,
			);
			buildRules = (
			);
			dependencies = (
			);
			name = ViewArchitecture;
			productName = ViewArchitecture;
			productReference = 1D0FC545294B4EEA003EE5DE /* ViewArchitecture.app */;
			productType = "com.apple.product-type.application";
		};
		1D0FC55A294B4EEC003EE5DE /* ViewArchitectureTests */ = {
			isa = PBXNativeTarget;
			buildConfigurationList = 1D0FC572294B4EEC003EE5DE /* Build configuration list for PBXNativeTarget "ViewArchitectureTests" */;
			buildPhases = (
				1D0FC557294B4EEC003EE5DE /* Sources */,
				1D0FC558294B4EEC003EE5DE /* Frameworks */,
				1D0FC559294B4EEC003EE5DE /* Resources */,
			);
			buildRules = (
			);
			dependencies = (
				1D0FC55D294B4EEC003EE5DE /* PBXTargetDependency */,
			);
			name = ViewArchitectureTests;
			productName = ViewArchitectureTests;
			productReference = 1D0FC55B294B4EEC003EE5DE /* ViewArchitectureTests.xctest */;
			productType = "com.apple.product-type.bundle.unit-test";
		};
		1D0FC564294B4EEC003EE5DE /* ViewArchitectureUITests */ = {
			isa = PBXNativeTarget;
			buildConfigurationList = 1D0FC575294B4EEC003EE5DE /* Build configuration list for PBXNativeTarget "ViewArchitectureUITests" */;
			buildPhases = (
				1D0FC561294B4EEC003EE5DE /* Sources */,
				1D0FC562294B4EEC003EE5DE /* Frameworks */,
				1D0FC563294B4EEC003EE5DE /* Resources */,
			);
			buildRules = (
			);
			dependencies = (
				1D0FC567294B4EEC003EE5DE /* PBXTargetDependency */,
			);
			name = ViewArchitectureUITests;
			productName = ViewArchitectureUITests;
			productReference = 1D0FC565294B4EEC003EE5DE /* ViewArchitectureUITests.xctest */;
			productType = "com.apple.product-type.bundle.ui-testing";
		};
/* End PBXNativeTarget section */

/* Begin PBXProject section */
		1D0FC53D294B4EEA003EE5DE /* Project object */ = {
			isa = PBXProject;
			attributes = {
				BuildIndependentTargetsInParallel = 1;
				LastSwiftUpdateCheck = 1410;
				LastUpgradeCheck = 1410;
				TargetAttributes = {
					1D0FC544294B4EEA003EE5DE = {
						CreatedOnToolsVersion = 14.1;
					};
					1D0FC55A294B4EEC003EE5DE = {
						CreatedOnToolsVersion = 14.1;
						TestTargetID = 1D0FC544294B4EEA003EE5DE;
					};
					1D0FC564294B4EEC003EE5DE = {
						CreatedOnToolsVersion = 14.1;
						TestTargetID = 1D0FC544294B4EEA003EE5DE;
					};
				};
			};
			buildConfigurationList = 1D0FC540294B4EEA003EE5DE /* Build configuration list for PBXProject "ViewArchitecture" */;
			compatibilityVersion = "Xcode 14.0";
			developmentRegion = en;
			hasScannedForEncodings = 0;
			knownRegions = (
				en,
				Base,
			);
			mainGroup = 1D0FC53C294B4EEA003EE5DE;
			productRefGroup = 1D0FC546294B4EEA003EE5DE /* Products */;
			projectDirPath = "";
			projectRoot = "";
			targets = (
				1D0FC544294B4EEA003EE5DE /* ViewArchitecture */,
				1D0FC55A294B4EEC003EE5DE /* ViewArchitectureTests */,
				1D0FC564294B4EEC003EE5DE /* ViewArchitectureUITests */,
			);
		};
/* End PBXProject section */

/* Begin PBXResourcesBuildPhase section */
		1D0FC543294B4EEA003EE5DE /* Resources */ = {
			isa = PBXResourcesBuildPhase;
			buildActionMask = 2147483647;
			files = (
				1D0FC555294B4EEB003EE5DE /* LaunchScreen.storyboard in Resources */,
				1D0FC552294B4EEB003EE5DE /* Assets.xcassets in Resources */,
				1D0FC550294B4EEA003EE5DE /* Main.storyboard in Resources */,
			);
			runOnlyForDeploymentPostprocessing = 0;
		};
		1D0FC559294B4EEC003EE5DE /* Resources */ = {
			isa = PBXResourcesBuildPhase;
			buildActionMask = 2147483647;
			files = (
			);
			runOnlyForDeploymentPostprocessing = 0;
		};
		1D0FC563294B4EEC003EE5DE /* Resources */ = {
			isa = PBXResourcesBuildPhase;
			buildActionMask = 2147483647;
			files = (
			);
			runOnlyForDeploymentPostprocessing = 0;
		};
/* End PBXResourcesBuildPhase section */

/* Begin PBXSourcesBuildPhase section */
		1D0FC541294B4EEA003EE5DE /* Sources */ = {
			isa = PBXSourcesBuildPhase;
			buildActionMask = 2147483647;
			files = (
				1D0FC581294B4FE8003EE5DE /* CenouraViewController.swift in Sources */,
				1D0FC54D294B4EEA003EE5DE /* ViewController.swift in Sources */,
				1D0FC583294B4FF9003EE5DE /* CenouraInteractor.swift in Sources */,
				1D0FC57B294B4F7A003EE5DE /* BatataViewController.swift in Sources */,
				1D0FC58D294BA427003EE5DE /* BatataService.swift in Sources */,
				1D0FC589294B509F003EE5DE /* CenouraFactory.swift in Sources */,
				1D0FC549294B4EEA003EE5DE /* AppDelegate.swift in Sources */,
				1D0FC57D294B4FB4003EE5DE /* BatataInteractor.swift in Sources */,
				1D0FC585294B5022003EE5DE /* CenouraPresenter.swift in Sources */,
				1D0FC54B294B4EEA003EE5DE /* SceneDelegate.swift in Sources */,
				1D0FC57F294B4FC1003EE5DE /* BatataPresenter.swift in Sources */,
				1D0FC58B294B50D8003EE5DE /* BatataFactory.swift in Sources */,
				1D0FC58F294BAD11003EE5DE /* CenouraService.swift in Sources */,
			);
			runOnlyForDeploymentPostprocessing = 0;
		};
		1D0FC557294B4EEC003EE5DE /* Sources */ = {
			isa = PBXSourcesBuildPhase;
			buildActionMask = 2147483647;
			files = (
				1D0FC595294BB2E0003EE5DE /* CenouraPresenterTests.swift in Sources */,
				1D0FC5A9294BBD8C003EE5DE /* CenouraInteractorSpy.swift in Sources */,
				1D0FC5AB294BBDC5003EE5DE /* CenouraViewControllerOutputSpy.swift in Sources */,
				1D0FC593294BB2BE003EE5DE /* BatataPresenterTests.swift in Sources */,
				1D0FC59E294BB924003EE5DE /* BatataServiceMock.swift in Sources */,
				1D0FC59C294BB90C003EE5DE /* BatataPresenterSpy.swift in Sources */,
				1D0FC5A3294BB9B3003EE5DE /* CenouraServiceMock.swift in Sources */,
				1D0FC5A7294BBA9D003EE5DE /* BatataViewControllerSpy.swift in Sources */,
				1D0FC5A1294BB990003EE5DE /* CenouraPresenterOutputSpy.swift in Sources */,
				1D0FC597294BB2EF003EE5DE /* CenouraInteractorTests.swift in Sources */,
				1D0FC599294BB301003EE5DE /* BatataInteractorTests.swift in Sources */,
			);
			runOnlyForDeploymentPostprocessing = 0;
		};
		1D0FC561294B4EEC003EE5DE /* Sources */ = {
			isa = PBXSourcesBuildPhase;
			buildActionMask = 2147483647;
			files = (
				1D0FC56C294B4EEC003EE5DE /* ViewArchitectureUITestsLaunchTests.swift in Sources */,
				1D0FC56A294B4EEC003EE5DE /* ViewArchitectureUITests.swift in Sources */,
			);
			runOnlyForDeploymentPostprocessing = 0;
		};
/* End PBXSourcesBuildPhase section */

/* Begin PBXTargetDependency section */
		1D0FC55D294B4EEC003EE5DE /* PBXTargetDependency */ = {
			isa = PBXTargetDependency;
			target = 1D0FC544294B4EEA003EE5DE /* ViewArchitecture */;
			targetProxy = 1D0FC55C294B4EEC003EE5DE /* PBXContainerItemProxy */;
		};
		1D0FC567294B4EEC003EE5DE /* PBXTargetDependency */ = {
			isa = PBXTargetDependency;
			target = 1D0FC544294B4EEA003EE5DE /* ViewArchitecture */;
			targetProxy = 1D0FC566294B4EEC003EE5DE /* PBXContainerItemProxy */;
		};
/* End PBXTargetDependency section */

/* Begin PBXVariantGroup section */
		1D0FC54E294B4EEA003EE5DE /* Main.storyboard */ = {
			isa = PBXVariantGroup;
			children = (
				1D0FC54F294B4EEA003EE5DE /* Base */,
			);
			name = Main.storyboard;
			sourceTree = "<group>";
		};
		1D0FC553294B4EEB003EE5DE /* LaunchScreen.storyboard */ = {
			isa = PBXVariantGroup;
			children = (
				1D0FC554294B4EEB003EE5DE /* Base */,
			);
			name = LaunchScreen.storyboard;
			sourceTree = "<group>";
		};
/* End PBXVariantGroup section */

/* Begin XCBuildConfiguration section */
		1D0FC56D294B4EEC003EE5DE /* Debug */ = {
			isa = XCBuildConfiguration;
			buildSettings = {
				ALWAYS_SEARCH_USER_PATHS = NO;
				CLANG_ANALYZER_NONNULL = YES;
				CLANG_ANALYZER_NUMBER_OBJECT_CONVERSION = YES_AGGRESSIVE;
				CLANG_CXX_LANGUAGE_STANDARD = "gnu++20";
				CLANG_ENABLE_MODULES = YES;
				CLANG_ENABLE_OBJC_ARC = YES;
				CLANG_ENABLE_OBJC_WEAK = YES;
				CLANG_WARN_BLOCK_CAPTURE_AUTORELEASING = YES;
				CLANG_WARN_BOOL_CONVERSION = YES;
				CLANG_WARN_COMMA = YES;
				CLANG_WARN_CONSTANT_CONVERSION = YES;
				CLANG_WARN_DEPRECATED_OBJC_IMPLEMENTATIONS = YES;
				CLANG_WARN_DIRECT_OBJC_ISA_USAGE = YES_ERROR;
				CLANG_WARN_DOCUMENTATION_COMMENTS = YES;
				CLANG_WARN_EMPTY_BODY = YES;
				CLANG_WARN_ENUM_CONVERSION = YES;
				CLANG_WARN_INFINITE_RECURSION = YES;
				CLANG_WARN_INT_CONVERSION = YES;
				CLANG_WARN_NON_LITERAL_NULL_CONVERSION = YES;
				CLANG_WARN_OBJC_IMPLICIT_RETAIN_SELF = YES;
				CLANG_WARN_OBJC_LITERAL_CONVERSION = YES;
				CLANG_WARN_OBJC_ROOT_CLASS = YES_ERROR;
				CLANG_WARN_QUOTED_INCLUDE_IN_FRAMEWORK_HEADER = YES;
				CLANG_WARN_RANGE_LOOP_ANALYSIS = YES;
				CLANG_WARN_STRICT_PROTOTYPES = YES;
				CLANG_WARN_SUSPICIOUS_MOVE = YES;
				CLANG_WARN_UNGUARDED_AVAILABILITY = YES_AGGRESSIVE;
				CLANG_WARN_UNREACHABLE_CODE = YES;
				CLANG_WARN__DUPLICATE_METHOD_MATCH = YES;
				COPY_PHASE_STRIP = NO;
				DEBUG_INFORMATION_FORMAT = dwarf;
				ENABLE_STRICT_OBJC_MSGSEND = YES;
				ENABLE_TESTABILITY = YES;
				GCC_C_LANGUAGE_STANDARD = gnu11;
				GCC_DYNAMIC_NO_PIC = NO;
				GCC_NO_COMMON_BLOCKS = YES;
				GCC_OPTIMIZATION_LEVEL = 0;
				GCC_PREPROCESSOR_DEFINITIONS = (
					"DEBUG=1",
					"$(inherited)",
				);
				GCC_WARN_64_TO_32_BIT_CONVERSION = YES;
				GCC_WARN_ABOUT_RETURN_TYPE = YES_ERROR;
				GCC_WARN_UNDECLARED_SELECTOR = YES;
				GCC_WARN_UNINITIALIZED_AUTOS = YES_AGGRESSIVE;
				GCC_WARN_UNUSED_FUNCTION = YES;
				GCC_WARN_UNUSED_VARIABLE = YES;
				IPHONEOS_DEPLOYMENT_TARGET = 16.1;
				MTL_ENABLE_DEBUG_INFO = INCLUDE_SOURCE;
				MTL_FAST_MATH = YES;
				ONLY_ACTIVE_ARCH = YES;
				SDKROOT = iphoneos;
				SWIFT_ACTIVE_COMPILATION_CONDITIONS = DEBUG;
				SWIFT_OPTIMIZATION_LEVEL = "-Onone";
			};
			name = Debug;
		};
		1D0FC56E294B4EEC003EE5DE /* Release */ = {
			isa = XCBuildConfiguration;
			buildSettings = {
				ALWAYS_SEARCH_USER_PATHS = NO;
				CLANG_ANALYZER_NONNULL = YES;
				CLANG_ANALYZER_NUMBER_OBJECT_CONVERSION = YES_AGGRESSIVE;
				CLANG_CXX_LANGUAGE_STANDARD = "gnu++20";
				CLANG_ENABLE_MODULES = YES;
				CLANG_ENABLE_OBJC_ARC = YES;
				CLANG_ENABLE_OBJC_WEAK = YES;
				CLANG_WARN_BLOCK_CAPTURE_AUTORELEASING = YES;
				CLANG_WARN_BOOL_CONVERSION = YES;
				CLANG_WARN_COMMA = YES;
				CLANG_WARN_CONSTANT_CONVERSION = YES;
				CLANG_WARN_DEPRECATED_OBJC_IMPLEMENTATIONS = YES;
				CLANG_WARN_DIRECT_OBJC_ISA_USAGE = YES_ERROR;
				CLANG_WARN_DOCUMENTATION_COMMENTS = YES;
				CLANG_WARN_EMPTY_BODY = YES;
				CLANG_WARN_ENUM_CONVERSION = YES;
				CLANG_WARN_INFINITE_RECURSION = YES;
				CLANG_WARN_INT_CONVERSION = YES;
				CLANG_WARN_NON_LITERAL_NULL_CONVERSION = YES;
				CLANG_WARN_OBJC_IMPLICIT_RETAIN_SELF = YES;
				CLANG_WARN_OBJC_LITERAL_CONVERSION = YES;
				CLANG_WARN_OBJC_ROOT_CLASS = YES_ERROR;
				CLANG_WARN_QUOTED_INCLUDE_IN_FRAMEWORK_HEADER = YES;
				CLANG_WARN_RANGE_LOOP_ANALYSIS = YES;
				CLANG_WARN_STRICT_PROTOTYPES = YES;
				CLANG_WARN_SUSPICIOUS_MOVE = YES;
				CLANG_WARN_UNGUARDED_AVAILABILITY = YES_AGGRESSIVE;
				CLANG_WARN_UNREACHABLE_CODE = YES;
				CLANG_WARN__DUPLICATE_METHOD_MATCH = YES;
				COPY_PHASE_STRIP = NO;
				DEBUG_INFORMATION_FORMAT = "dwarf-with-dsym";
				ENABLE_NS_ASSERTIONS = NO;
				ENABLE_STRICT_OBJC_MSGSEND = YES;
				GCC_C_LANGUAGE_STANDARD = gnu11;
				GCC_NO_COMMON_BLOCKS = YES;
				GCC_WARN_64_TO_32_BIT_CONVERSION = YES;
				GCC_WARN_ABOUT_RETURN_TYPE = YES_ERROR;
				GCC_WARN_UNDECLARED_SELECTOR = YES;
				GCC_WARN_UNINITIALIZED_AUTOS = YES_AGGRESSIVE;
				GCC_WARN_UNUSED_FUNCTION = YES;
				GCC_WARN_UNUSED_VARIABLE = YES;
				IPHONEOS_DEPLOYMENT_TARGET = 16.1;
				MTL_ENABLE_DEBUG_INFO = NO;
				MTL_FAST_MATH = YES;
				SDKROOT = iphoneos;
				SWIFT_COMPILATION_MODE = wholemodule;
				SWIFT_OPTIMIZATION_LEVEL = "-O";
				VALIDATE_PRODUCT = YES;
			};
			name = Release;
		};
		1D0FC570294B4EEC003EE5DE /* Debug */ = {
			isa = XCBuildConfiguration;
			buildSettings = {
				ASSETCATALOG_COMPILER_APPICON_NAME = AppIcon;
				ASSETCATALOG_COMPILER_GLOBAL_ACCENT_COLOR_NAME = AccentColor;
				CODE_SIGN_STYLE = Automatic;
				CURRENT_PROJECT_VERSION = 1;
				DEVELOPMENT_TEAM = 6Z8H5M5MG4;
				GENERATE_INFOPLIST_FILE = YES;
				INFOPLIST_FILE = ViewArchitecture/Info.plist;
				INFOPLIST_KEY_UIApplicationSupportsIndirectInputEvents = YES;
				INFOPLIST_KEY_UILaunchStoryboardName = LaunchScreen;
				INFOPLIST_KEY_UIMainStoryboardFile = Main;
				INFOPLIST_KEY_UISupportedInterfaceOrientations_iPad = "UIInterfaceOrientationPortrait UIInterfaceOrientationPortraitUpsideDown UIInterfaceOrientationLandscapeLeft UIInterfaceOrientationLandscapeRight";
				INFOPLIST_KEY_UISupportedInterfaceOrientations_iPhone = "UIInterfaceOrientationPortrait UIInterfaceOrientationLandscapeLeft UIInterfaceOrientationLandscapeRight";
				LD_RUNPATH_SEARCH_PATHS = (
					"$(inherited)",
					"@executable_path/Frameworks",
				);
				MARKETING_VERSION = 1.0;
				PRODUCT_BUNDLE_IDENTIFIER = br.com.comparisons.ViewArchitecture;
				PRODUCT_NAME = "$(TARGET_NAME)";
				SWIFT_EMIT_LOC_STRINGS = YES;
				SWIFT_VERSION = 5.0;
				TARGETED_DEVICE_FAMILY = "1,2";
			};
			name = Debug;
		};
		1D0FC571294B4EEC003EE5DE /* Release */ = {
			isa = XCBuildConfiguration;
			buildSettings = {
				ASSETCATALOG_COMPILER_APPICON_NAME = AppIcon;
				ASSETCATALOG_COMPILER_GLOBAL_ACCENT_COLOR_NAME = AccentColor;
				CODE_SIGN_STYLE = Automatic;
				CURRENT_PROJECT_VERSION = 1;
				DEVELOPMENT_TEAM = 6Z8H5M5MG4;
				GENERATE_INFOPLIST_FILE = YES;
				INFOPLIST_FILE = ViewArchitecture/Info.plist;
				INFOPLIST_KEY_UIApplicationSupportsIndirectInputEvents = YES;
				INFOPLIST_KEY_UILaunchStoryboardName = LaunchScreen;
				INFOPLIST_KEY_UIMainStoryboardFile = Main;
				INFOPLIST_KEY_UISupportedInterfaceOrientations_iPad = "UIInterfaceOrientationPortrait UIInterfaceOrientationPortraitUpsideDown UIInterfaceOrientationLandscapeLeft UIInterfaceOrientationLandscapeRight";
				INFOPLIST_KEY_UISupportedInterfaceOrientations_iPhone = "UIInterfaceOrientationPortrait UIInterfaceOrientationLandscapeLeft UIInterfaceOrientationLandscapeRight";
				LD_RUNPATH_SEARCH_PATHS = (
					"$(inherited)",
					"@executable_path/Frameworks",
				);
				MARKETING_VERSION = 1.0;
				PRODUCT_BUNDLE_IDENTIFIER = br.com.comparisons.ViewArchitecture;
				PRODUCT_NAME = "$(TARGET_NAME)";
				SWIFT_EMIT_LOC_STRINGS = YES;
				SWIFT_VERSION = 5.0;
				TARGETED_DEVICE_FAMILY = "1,2";
			};
			name = Release;
		};
		1D0FC573294B4EEC003EE5DE /* Debug */ = {
			isa = XCBuildConfiguration;
			buildSettings = {
				ALWAYS_EMBED_SWIFT_STANDARD_LIBRARIES = YES;
				BUNDLE_LOADER = "$(TEST_HOST)";
				CODE_SIGN_STYLE = Automatic;
				CURRENT_PROJECT_VERSION = 1;
				DEVELOPMENT_TEAM = 6Z8H5M5MG4;
				GENERATE_INFOPLIST_FILE = YES;
				IPHONEOS_DEPLOYMENT_TARGET = 16.1;
				MARKETING_VERSION = 1.0;
				PRODUCT_BUNDLE_IDENTIFIER = br.com.comparisons.ViewArchitectureTests;
				PRODUCT_NAME = "$(TARGET_NAME)";
				SWIFT_EMIT_LOC_STRINGS = NO;
				SWIFT_VERSION = 5.0;
				TARGETED_DEVICE_FAMILY = "1,2";
				TEST_HOST = "$(BUILT_PRODUCTS_DIR)/ViewArchitecture.app/$(BUNDLE_EXECUTABLE_FOLDER_PATH)/ViewArchitecture";
			};
			name = Debug;
		};
		1D0FC574294B4EEC003EE5DE /* Release */ = {
			isa = XCBuildConfiguration;
			buildSettings = {
				ALWAYS_EMBED_SWIFT_STANDARD_LIBRARIES = YES;
				BUNDLE_LOADER = "$(TEST_HOST)";
				CODE_SIGN_STYLE = Automatic;
				CURRENT_PROJECT_VERSION = 1;
				DEVELOPMENT_TEAM = 6Z8H5M5MG4;
				GENERATE_INFOPLIST_FILE = YES;
				IPHONEOS_DEPLOYMENT_TARGET = 16.1;
				MARKETING_VERSION = 1.0;
				PRODUCT_BUNDLE_IDENTIFIER = br.com.comparisons.ViewArchitectureTests;
				PRODUCT_NAME = "$(TARGET_NAME)";
				SWIFT_EMIT_LOC_STRINGS = NO;
				SWIFT_VERSION = 5.0;
				TARGETED_DEVICE_FAMILY = "1,2";
				TEST_HOST = "$(BUILT_PRODUCTS_DIR)/ViewArchitecture.app/$(BUNDLE_EXECUTABLE_FOLDER_PATH)/ViewArchitecture";
			};
			name = Release;
		};
		1D0FC576294B4EEC003EE5DE /* Debug */ = {
			isa = XCBuildConfiguration;
			buildSettings = {
				ALWAYS_EMBED_SWIFT_STANDARD_LIBRARIES = YES;
				CODE_SIGN_STYLE = Automatic;
				CURRENT_PROJECT_VERSION = 1;
				DEVELOPMENT_TEAM = 6Z8H5M5MG4;
				GENERATE_INFOPLIST_FILE = YES;
				MARKETING_VERSION = 1.0;
				PRODUCT_BUNDLE_IDENTIFIER = br.com.comparisons.ViewArchitectureUITests;
				PRODUCT_NAME = "$(TARGET_NAME)";
				SWIFT_EMIT_LOC_STRINGS = NO;
				SWIFT_VERSION = 5.0;
				TARGETED_DEVICE_FAMILY = "1,2";
				TEST_TARGET_NAME = ViewArchitecture;
			};
			name = Debug;
		};
		1D0FC577294B4EEC003EE5DE /* Release */ = {
			isa = XCBuildConfiguration;
			buildSettings = {
				ALWAYS_EMBED_SWIFT_STANDARD_LIBRARIES = YES;
				CODE_SIGN_STYLE = Automatic;
				CURRENT_PROJECT_VERSION = 1;
				DEVELOPMENT_TEAM = 6Z8H5M5MG4;
				GENERATE_INFOPLIST_FILE = YES;
				MARKETING_VERSION = 1.0;
				PRODUCT_BUNDLE_IDENTIFIER = br.com.comparisons.ViewArchitectureUITests;
				PRODUCT_NAME = "$(TARGET_NAME)";
				SWIFT_EMIT_LOC_STRINGS = NO;
				SWIFT_VERSION = 5.0;
				TARGETED_DEVICE_FAMILY = "1,2";
				TEST_TARGET_NAME = ViewArchitecture;
			};
			name = Release;
		};
/* End XCBuildConfiguration section */

/* Begin XCConfigurationList section */
		1D0FC540294B4EEA003EE5DE /* Build configuration list for PBXProject "ViewArchitecture" */ = {
			isa = XCConfigurationList;
			buildConfigurations = (
				1D0FC56D294B4EEC003EE5DE /* Debug */,
				1D0FC56E294B4EEC003EE5DE /* Release */,
			);
			defaultConfigurationIsVisible = 0;
			defaultConfigurationName = Release;
		};
		1D0FC56F294B4EEC003EE5DE /* Build configuration list for PBXNativeTarget "ViewArchitecture" */ = {
			isa = XCConfigurationList;
			buildConfigurations = (
				1D0FC570294B4EEC003EE5DE /* Debug */,
				1D0FC571294B4EEC003EE5DE /* Release */,
			);
			defaultConfigurationIsVisible = 0;
			defaultConfigurationName = Release;
		};
		1D0FC572294B4EEC003EE5DE /* Build configuration list for PBXNativeTarget "ViewArchitectureTests" */ = {
			isa = XCConfigurationList;
			buildConfigurations = (
				1D0FC573294B4EEC003EE5DE /* Debug */,
				1D0FC574294B4EEC003EE5DE /* Release */,
			);
			defaultConfigurationIsVisible = 0;
			defaultConfigurationName = Release;
		};
		1D0FC575294B4EEC003EE5DE /* Build configuration list for PBXNativeTarget "ViewArchitectureUITests" */ = {
			isa = XCConfigurationList;
			buildConfigurations = (
				1D0FC576294B4EEC003EE5DE /* Debug */,
				1D0FC577294B4EEC003EE5DE /* Release */,
			);
			defaultConfigurationIsVisible = 0;
			defaultConfigurationName = Release;
		};
/* End XCConfigurationList section */
	};
	rootObject = 1D0FC53D294B4EEA003EE5DE /* Project object */;
}
